// !$*UTF8*$!
{
	archiveVersion = 1;
	classes = {
	};
	objectVersion = 46;
	objects = {

/* Begin PBXBuildFile section */
		3422340B1B71E83E00D04EA0 /* main.m in Sources */ = {isa = PBXBuildFile; fileRef = 3422340A1B71E83E00D04EA0 /* main.m */; };
		3422340E1B71E83E00D04EA0 /* AppDelegate.m in Sources */ = {isa = PBXBuildFile; fileRef = 3422340D1B71E83E00D04EA0 /* AppDelegate.m */; };
		342234111B71E83E00D04EA0 /* ViewController.m in Sources */ = {isa = PBXBuildFile; fileRef = 342234101B71E83E00D04EA0 /* ViewController.m */; };
		342234141B71E83E00D04EA0 /* Main.storyboard in Resources */ = {isa = PBXBuildFile; fileRef = 342234121B71E83E00D04EA0 /* Main.storyboard */; };
		342234161B71E83E00D04EA0 /* Images.xcassets in Resources */ = {isa = PBXBuildFile; fileRef = 342234151B71E83E00D04EA0 /* Images.xcassets */; };
		342234191B71E83E00D04EA0 /* LaunchScreen.xib in Resources */ = {isa = PBXBuildFile; fileRef = 342234171B71E83E00D04EA0 /* LaunchScreen.xib */; };
		342234251B71E83F00D04EA0 /* CalculatorTests.m in Sources */ = {isa = PBXBuildFile; fileRef = 342234241B71E83F00D04EA0 /* CalculatorTests.m */; };
/* End PBXBuildFile section */

/* Begin PBXContainerItemProxy section */
		3422341F1B71E83F00D04EA0 /* PBXContainerItemProxy */ = {
			isa = PBXContainerItemProxy;
			containerPortal = 342233FD1B71E83E00D04EA0 /* Project object */;
			proxyType = 1;
			remoteGlobalIDString = 342234041B71E83E00D04EA0;
			remoteInfo = Calculator;
		};
/* End PBXContainerItemProxy section */

/* Begin PBXFileReference section */
		342234051B71E83E00D04EA0 /* Calculator.app */ = {isa = PBXFileReference; explicitFileType = wrapper.application; includeInIndex = 0; path = Calculator.app; sourceTree = BUILT_PRODUCTS_DIR; };
		342234091B71E83E00D04EA0 /* Info.plist */ = {isa = PBXFileReference; lastKnownFileType = text.plist.xml; path = Info.plist; sourceTree = "<group>"; };
		3422340A1B71E83E00D04EA0 /* main.m */ = {isa = PBXFileReference; lastKnownFileType = sourcecode.c.objc; path = main.m; sourceTree = "<group>"; };
		3422340C1B71E83E00D04EA0 /* AppDelegate.h */ = {isa = PBXFileReference; lastKnownFileType = sourcecode.c.h; path = AppDelegate.h; sourceTree = "<group>"; };
		3422340D1B71E83E00D04EA0 /* AppDelegate.m */ = {isa = PBXFileReference; lastKnownFileType = sourcecode.c.objc; path = AppDelegate.m; sourceTree = "<group>"; };
		3422340F1B71E83E00D04EA0 /* ViewController.h */ = {isa = PBXFileReference; lastKnownFileType = sourcecode.c.h; path = ViewController.h; sourceTree = "<group>"; };
		342234101B71E83E00D04EA0 /* ViewController.m */ = {isa = PBXFileReference; lastKnownFileType = sourcecode.c.objc; path = ViewController.m; sourceTree = "<group>"; };
		342234131B71E83E00D04EA0 /* Base */ = {isa = PBXFileReference; lastKnownFileType = file.storyboard; name = Base; path = Base.lproj/Main.storyboard; sourceTree = "<group>"; };
		342234151B71E83E00D04EA0 /* Images.xcassets */ = {isa = PBXFileReference; lastKnownFileType = folder.assetcatalog; path = Images.xcassets; sourceTree = "<group>"; };
		342234181B71E83E00D04EA0 /* Base */ = {isa = PBXFileReference; lastKnownFileType = file.xib; name = Base; path = Base.lproj/LaunchScreen.xib; sourceTree = "<group>"; };
		3422341E1B71E83F00D04EA0 /* CalculatorTests.xctest */ = {isa = PBXFileReference; explicitFileType = wrapper.cfbundle; includeInIndex = 0; path = CalculatorTests.xctest; sourceTree = BUILT_PRODUCTS_DIR; };
		342234231B71E83F00D04EA0 /* Info.plist */ = {isa = PBXFileReference; lastKnownFileType = text.plist.xml; path = Info.plist; sourceTree = "<group>"; };
		342234241B71E83F00D04EA0 /* CalculatorTests.m */ = {isa = PBXFileReference; lastKnownFileType = sourcecode.c.objc; path = CalculatorTests.m; sourceTree = "<group>"; };
/* End PBXFileReference section */

/* Begin PBXFrameworksBuildPhase section */
		342234021B71E83E00D04EA0 /* Frameworks */ = {
			isa = PBXFrameworksBuildPhase;
			buildActionMask = 2147483647;
			files = (
			);
			runOnlyForDeploymentPostprocessing = 0;
		};
		3422341B1B71E83F00D04EA0 /* Frameworks */ = {
			isa = PBXFrameworksBuildPhase;
			buildActionMask = 2147483647;
			files = (
			);
			runOnlyForDeploymentPostprocessing = 0;
		};
/* End PBXFrameworksBuildPhase section */

/* Begin PBXGroup section */
		342233FC1B71E83E00D04EA0 = {
			isa = PBXGroup;
			children = (
				342234071B71E83E00D04EA0 /* Calculator */,
				342234211B71E83F00D04EA0 /* CalculatorTests */,
				342234061B71E83E00D04EA0 /* Products */,
			);
			sourceTree = "<group>";
		};
		342234061B71E83E00D04EA0 /* Products */ = {
			isa = PBXGroup;
			children = (
				342234051B71E83E00D04EA0 /* Calculator.app */,
				3422341E1B71E83F00D04EA0 /* CalculatorTests.xctest */,
			);
			name = Products;
			sourceTree = "<group>";
		};
		342234071B71E83E00D04EA0 /* Calculator */ = {
			isa = PBXGroup;
			children = (
				3422340F1B71E83E00D04EA0 /* ViewController.h */,
				342234101B71E83E00D04EA0 /* ViewController.m */,
				342234151B71E83E00D04EA0 /* Images.xcassets */,
				342234171B71E83E00D04EA0 /* LaunchScreen.xib */,
				342234081B71E83E00D04EA0 /* Supporting Files */,
			);
			path = Calculator;
			sourceTree = "<group>";
		};
		342234081B71E83E00D04EA0 /* Supporting Files */ = {
			isa = PBXGroup;
			children = (
				3422340C1B71E83E00D04EA0 /* AppDelegate.h */,
				3422340D1B71E83E00D04EA0 /* AppDelegate.m */,
				342234121B71E83E00D04EA0 /* Main.storyboard */,
				342234091B71E83E00D04EA0 /* Info.plist */,
				3422340A1B71E83E00D04EA0 /* main.m */,
			);
			name = "Supporting Files";
			sourceTree = "<group>";
		};
		342234211B71E83F00D04EA0 /* CalculatorTests */ = {
			isa = PBXGroup;
			children = (
				342234241B71E83F00D04EA0 /* CalculatorTests.m */,
				342234221B71E83F00D04EA0 /* Supporting Files */,
			);
			path = CalculatorTests;
			sourceTree = "<group>";
		};
		342234221B71E83F00D04EA0 /* Supporting Files */ = {
			isa = PBXGroup;
			children = (
				342234231B71E83F00D04EA0 /* Info.plist */,
			);
			name = "Supporting Files";
			sourceTree = "<group>";
		};
/* End PBXGroup section */

/* Begin PBXNativeTarget section */
		342234041B71E83E00D04EA0 /* Calculator */ = {
			isa = PBXNativeTarget;
			buildConfigurationList = 342234281B71E83F00D04EA0 /* Build configuration list for PBXNativeTarget "Calculator" */;
			buildPhases = (
				342234011B71E83E00D04EA0 /* Sources */,
				342234021B71E83E00D04EA0 /* Frameworks */,
				342234031B71E83E00D04EA0 /* Resources */,
			);
			buildRules = (
			);
			dependencies = (
			);
			name = Calculator;
			productName = Calculator;
			productReference = 342234051B71E83E00D04EA0 /* Calculator.app */;
			productType = "com.apple.product-type.application";
		};
		3422341D1B71E83F00D04EA0 /* CalculatorTests */ = {
			isa = PBXNativeTarget;
			buildConfigurationList = 3422342B1B71E83F00D04EA0 /* Build configuration list for PBXNativeTarget "CalculatorTests" */;
			buildPhases = (
				3422341A1B71E83F00D04EA0 /* Sources */,
				3422341B1B71E83F00D04EA0 /* Frameworks */,
				3422341C1B71E83F00D04EA0 /* Resources */,
			);
			buildRules = (
			);
			dependencies = (
				342234201B71E83F00D04EA0 /* PBXTargetDependency */,
			);
			name = CalculatorTests;
			productName = CalculatorTests;
			productReference = 3422341E1B71E83F00D04EA0 /* CalculatorTests.xctest */;
			productType = "com.apple.product-type.bundle.unit-test";
		};
/* End PBXNativeTarget section */

/* Begin PBXProject section */
		342233FD1B71E83E00D04EA0 /* Project object */ = {
			isa = PBXProject;
			attributes = {
				LastUpgradeCheck = 0640;
				ORGANIZATIONNAME = Qunar.com;
				TargetAttributes = {
					342234041B71E83E00D04EA0 = {
						CreatedOnToolsVersion = 6.4;
					};
					3422341D1B71E83F00D04EA0 = {
						CreatedOnToolsVersion = 6.4;
						TestTargetID = 342234041B71E83E00D04EA0;
					};
				};
			};
			buildConfigurationList = 342234001B71E83E00D04EA0 /* Build configuration list for PBXProject "Calculator" */;
			compatibilityVersion = "Xcode 3.2";
			developmentRegion = English;
			hasScannedForEncodings = 0;
			knownRegions = (
				en,
				Base,
			);
			mainGroup = 342233FC1B71E83E00D04EA0;
			productRefGroup = 342234061B71E83E00D04EA0 /* Products */;
			projectDirPath = "";
			projectRoot = "";
			targets = (
				342234041B71E83E00D04EA0 /* Calculator */,
				3422341D1B71E83F00D04EA0 /* CalculatorTests */,
			);
		};
/* End PBXProject section */

/* Begin PBXResourcesBuildPhase section */
		342234031B71E83E00D04EA0 /* Resources */ = {
			isa = PBXResourcesBuildPhase;
			buildActionMask = 2147483647;
			files = (
				342234141B71E83E00D04EA0 /* Main.storyboard in Resources */,
				342234191B71E83E00D04EA0 /* LaunchScreen.xib in Resources */,
				342234161B71E83E00D04EA0 /* Images.xcassets in Resources */,
			);
			runOnlyForDeploymentPostprocessing = 0;
		};
		3422341C1B71E83F00D04EA0 /* Resources */ = {
			isa = PBXResourcesBuildPhase;
			buildActionMask = 2147483647;
			files = (
			);
			runOnlyForDeploymentPostprocessing = 0;
		};
/* End PBXResourcesBuildPhase section */

/* Begin PBXSourcesBuildPhase section */
		342234011B71E83E00D04EA0 /* Sources */ = {
			isa = PBXSourcesBuildPhase;
			buildActionMask = 2147483647;
			files = (
				342234111B71E83E00D04EA0 /* ViewController.m in Sources */,
				3422340E1B71E83E00D04EA0 /* AppDelegate.m in Sources */,
				3422340B1B71E83E00D04EA0 /* main.m in Sources */,
			);
			runOnlyForDeploymentPostprocessing = 0;
		};
		3422341A1B71E83F00D04EA0 /* Sources */ = {
			isa = PBXSourcesBuildPhase;
			buildActionMask = 2147483647;
			files = (
				342234251B71E83F00D04EA0 /* CalculatorTests.m in Sources */,
			);
			runOnlyForDeploymentPostprocessing = 0;
		};
/* End PBXSourcesBuildPhase section */

/* Begin PBXTargetDependency section */
		342234201B71E83F00D04EA0 /* PBXTargetDependency */ = {
			isa = PBXTargetDependency;
			target = 342234041B71E83E00D04EA0 /* Calculator */;
			targetProxy = 3422341F1B71E83F00D04EA0 /* PBXContainerItemProxy */;
		};
/* End PBXTargetDependency section */

/* Begin PBXVariantGroup section */
		342234121B71E83E00D04EA0 /* Main.storyboard */ = {
			isa = PBXVariantGroup;
			children = (
				342234131B71E83E00D04EA0 /* Base */,
			);
			name = Main.storyboard;
			sourceTree = "<group>";
		};
		342234171B71E83E00D04EA0 /* LaunchScreen.xib */ = {
			isa = PBXVariantGroup;
			children = (
				342234181B71E83E00D04EA0 /* Base */,
			);
			name = LaunchScreen.xib;
			sourceTree = "<group>";
		};
/* End PBXVariantGroup section */

/* Begin XCBuildConfiguration section */
		342234261B71E83F00D04EA0 /* Debug */ = {
			isa = XCBuildConfiguration;
			buildSettings = {
				ALWAYS_SEARCH_USER_PATHS = NO;
				CLANG_CXX_LANGUAGE_STANDARD = "gnu++0x";
				CLANG_CXX_LIBRARY = "libc++";
				CLANG_ENABLE_MODULES = YES;
				CLANG_ENABLE_OBJC_ARC = YES;
				CLANG_WARN_BOOL_CONVERSION = YES;
				CLANG_WARN_CONSTANT_CONVERSION = YES;
				CLANG_WARN_DIRECT_OBJC_ISA_USAGE = YES_ERROR;
				CLANG_WARN_EMPTY_BODY = YES;
				CLANG_WARN_ENUM_CONVERSION = YES;
				CLANG_WARN_INT_CONVERSION = YES;
				CLANG_WARN_OBJC_ROOT_CLASS = YES_ERROR;
				CLANG_WARN_UNREACHABLE_CODE = YES;
				CLANG_WARN__DUPLICATE_METHOD_MATCH = YES;
				"CODE_SIGN_IDENTITY[sdk=iphoneos*]" = "iPhone Developer";
				COPY_PHASE_STRIP = NO;
				DEBUG_INFORMATION_FORMAT = "dwarf-with-dsym";
				ENABLE_STRICT_OBJC_MSGSEND = YES;
				GCC_C_LANGUAGE_STANDARD = gnu99;
				GCC_DYNAMIC_NO_PIC = NO;
				GCC_NO_COMMON_BLOCKS = YES;
				GCC_OPTIMIZATION_LEVEL = 0;
				GCC_PREPROCESSOR_DEFINITIONS = (
					"DEBUG=1",
					"$(inherited)",
				);
				GCC_SYMBOLS_PRIVATE_EXTERN = NO;
				GCC_WARN_64_TO_32_BIT_CONVERSION = YES;
				GCC_WARN_ABOUT_RETURN_TYPE = YES_ERROR;
				GCC_WARN_UNDECLARED_SELECTOR = YES;
				GCC_WARN_UNINITIALIZED_AUTOS = YES_AGGRESSIVE;
				GCC_WARN_UNUSED_FUNCTION = YES;
				GCC_WARN_UNUSED_VARIABLE = YES;
				IPHONEOS_DEPLOYMENT_TARGET = 8.4;
				MTL_ENABLE_DEBUG_INFO = YES;
				ONLY_ACTIVE_ARCH = YES;
				SDKROOT = iphoneos;
				TARGETED_DEVICE_FAMILY = "1,2";
			};
			name = Debug;
		};
		342234271B71E83F00D04EA0 /* Release */ = {
			isa = XCBuildConfiguration;
			buildSettings = {
				ALWAYS_SEARCH_USER_PATHS = NO;
				CLANG_CXX_LANGUAGE_STANDARD = "gnu++0x";
				CLANG_CXX_LIBRARY = "libc++";
				CLANG_ENABLE_MODULES = YES;
				CLANG_ENABLE_OBJC_ARC = YES;
				CLANG_WARN_BOOL_CONVERSION = YES;
				CLANG_WARN_CONSTANT_CONVERSION = YES;
				CLANG_WARN_DIRECT_OBJC_ISA_USAGE = YES_ERROR;
				CLANG_WARN_EMPTY_BODY = YES;
				CLANG_WARN_ENUM_CONVERSION = YES;
				CLANG_WARN_INT_CONVERSION = YES;
				CLANG_WARN_OBJC_ROOT_CLASS = YES_ERROR;
				CLANG_WARN_UNREACHABLE_CODE = YES;
				CLANG_WARN__DUPLICATE_METHOD_MATCH = YES;
				"CODE_SIGN_IDENTITY[sdk=iphoneos*]" = "iPhone Developer";
				COPY_PHASE_STRIP = NO;
				DEBUG_INFORMATION_FORMAT = "dwarf-with-dsym";
				ENABLE_NS_ASSERTIONS = NO;
				ENABLE_STRICT_OBJC_MSGSEND = YES;
				GCC_C_LANGUAGE_STANDARD = gnu99;
				GCC_NO_COMMON_BLOCKS = YES;
				GCC_WARN_64_TO_32_BIT_CONVERSION = YES;
				GCC_WARN_ABOUT_RETURN_TYPE = YES_ERROR;
				GCC_WARN_UNDECLARED_SELECTOR = YES;
				GCC_WARN_UNINITIALIZED_AUTOS = YES_AGGRESSIVE;
				GCC_WARN_UNUSED_FUNCTION = YES;
				GCC_WARN_UNUSED_VARIABLE = YES;
				IPHONEOS_DEPLOYMENT_TARGET = 8.4;
				MTL_ENABLE_DEBUG_INFO = NO;
				SDKROOT = iphoneos;
				TARGETED_DEVICE_FAMILY = "1,2";
				VALIDATE_PRODUCT = YES;
			};
			name = Release;
		};
		342234291B71E83F00D04EA0 /* Debug */ = {
			isa = XCBuildConfiguration;
			buildSettings = {
				ASSETCATALOG_COMPILER_APPICON_NAME = AppIcon;
				INFOPLIST_FILE = Calculator/Info.plist;
				LD_RUNPATH_SEARCH_PATHS = "$(inherited) @executable_path/Frameworks";
				PRODUCT_NAME = "$(TARGET_NAME)";
			};
			name = Debug;
		};
		3422342A1B71E83F00D04EA0 /* Release */ = {
			isa = XCBuildConfiguration;
			buildSettings = {
				ASSETCATALOG_COMPILER_APPICON_NAME = AppIcon;
				INFOPLIST_FILE = Calculator/Info.plist;
				LD_RUNPATH_SEARCH_PATHS = "$(inherited) @executable_path/Frameworks";
				PRODUCT_NAME = "$(TARGET_NAME)";
			};
			name = Release;
		};
		3422342C1B71E83F00D04EA0 /* Debug */ = {
			isa = XCBuildConfiguration;
			buildSettings = {
				BUNDLE_LOADER = "$(TEST_HOST)";
				FRAMEWORK_SEARCH_PATHS = (
					"$(SDKROOT)/Developer/Library/Frameworks",
					"$(inherited)",
				);
				GCC_PREPROCESSOR_DEFINITIONS = (
					"DEBUG=1",
					"$(inherited)",
				);
				INFOPLIST_FILE = CalculatorTests/Info.plist;
				LD_RUNPATH_SEARCH_PATHS = "$(inherited) @executable_path/Frameworks @loader_path/Frameworks";
				PRODUCT_NAME = "$(TARGET_NAME)";
				TEST_HOST = "$(BUILT_PRODUCTS_DIR)/Calculator.app/Calculator";
			};
			name = Debug;
		};
		3422342D1B71E83F00D04EA0 /* Release */ = {
			isa = XCBuildConfiguration;
			buildSettings = {
				BUNDLE_LOADER = "$(TEST_HOST)";
				FRAMEWORK_SEARCH_PATHS = (
					"$(SDKROOT)/Developer/Library/Frameworks",
					"$(inherited)",
				);
				INFOPLIST_FILE = CalculatorTests/Info.plist;
				LD_RUNPATH_SEARCH_PATHS = "$(inherited) @executable_path/Frameworks @loader_path/Frameworks";
				PRODUCT_NAME = "$(TARGET_NAME)";
				TEST_HOST = "$(BUILT_PRODUCTS_DIR)/Calculator.app/Calculator";
			};
			name = Release;
		};
/* End XCBuildConfiguration section */

/* Begin XCConfigurationList section */
		342234001B71E83E00D04EA0 /* Build configuration list for PBXProject "Calculator" */ = {
			isa = XCConfigurationList;
			buildConfigurations = (
				342234261B71E83F00D04EA0 /* Debug */,
				342234271B71E83F00D04EA0 /* Release */,
			);
			defaultConfigurationIsVisible = 0;
			defaultConfigurationName = Release;
		};
		342234281B71E83F00D04EA0 /* Build configuration list for PBXNativeTarget "Calculator" */ = {
			isa = XCConfigurationList;
			buildConfigurations = (
				342234291B71E83F00D04EA0 /* Debug */,
				3422342A1B71E83F00D04EA0 /* Release */,
			);
			defaultConfigurationIsVisible = 0;
		};
		3422342B1B71E83F00D04EA0 /* Build configuration list for PBXNativeTarget "CalculatorTests" */ = {
			isa = XCConfigurationList;
			buildConfigurations = (
				3422342C1B71E83F00D04EA0 /* Debug */,
				3422342D1B71E83F00D04EA0 /* Release */,
			);
			defaultConfigurationIsVisible = 0;
		};
/* End XCConfigurationList section */
	};
	rootObject = 342233FD1B71E83E00D04EA0 /* Project object */;
}
